
Microsoft Visual Studio Solution File, Format Version 12.00
# Visual Studio 14
VisualStudioVersion = 14.0.25420.1
MinimumVisualStudioVersion = 10.0.40219.1
Project("{FAE04EC0-301F-11D3-BF4B-00C04F79EFBC}") = "MQTTClientTest2", "MQTTClientTest2\MQTTClientTest2.csproj", "{71242827-79F9-406C-ACD8-2A0E67D5C2C1}"
EndProject
Project("{FAE04EC0-301F-11D3-BF4B-00C04F79EFBC}") = "Publisher_temperature", "Publisher_temperature\Publisher_temperature.csproj", "{6FB8191E-322C-4438-9F2C-A4A58322984A}"
EndProject
Project("{FAE04EC0-301F-11D3-BF4B-00C04F79EFBC}") = "Publisher_pressure", "Publisher_pressure\Publisher_pressure.csproj", "{04644E86-5EC9-4E0F-BCBB-0C3032EE87D3}"
EndProject
Global
	GlobalSection(SolutionConfigurationPlatforms) = preSolution
		Debug|Any CPU = Debug|Any CPU
		Release|Any CPU = Release|Any CPU
	EndGlobalSection
	GlobalSection(ProjectConfigurationPlatforms) = postSolution
		{71242827-79F9-406C-ACD8-2A0E67D5C2C1}.Debug|Any CPU.ActiveCfg = Debug|Any CPU
		{71242827-79F9-406C-ACD8-2A0E67D5C2C1}.Debug|Any CPU.Build.0 = Debug|Any CPU
		{71242827-79F9-406C-ACD8-2A0E67D5C2C1}.Release|Any CPU.ActiveCfg = Release|Any CPU
		{71242827-79F9-406C-ACD8-2A0E67D5C2C1}.Release|Any CPU.Build.0 = Release|Any CPU
		{6FB8191E-322C-4438-9F2C-A4A58322984A}.Debug|Any CPU.ActiveCfg = Debug|Any CPU
		{6FB8191E-322C-4438-9F2C-A4A58322984A}.Debug|Any CPU.Build.0 = Debug|Any CPU
		{6FB8191E-322C-4438-9F2C-A4A58322984A}.Release|Any CPU.ActiveCfg = Release|Any CPU
		{6FB8191E-322C-4438-9F2C-A4A58322984A}.Release|Any CPU.Build.0 = Release|Any CPU
		{04644E86-5EC9-4E0F-BCBB-0C3032EE87D3}.Debug|Any CPU.ActiveCfg = Debug|Any CPU
		{04644E86-5EC9-4E0F-BCBB-0C3032EE87D3}.Debug|Any CPU.Build.0 = Debug|Any CPU
		{04644E86-5EC9-4E0F-BCBB-0C3032EE87D3}.Release|Any CPU.ActiveCfg = Release|Any CPU
		{04644E86-5EC9-4E0F-BCBB-0C3032EE87D3}.Release|Any CPU.Build.0 = Release|Any CPU
	EndGlobalSection
	GlobalSection(SolutionProperties) = preSolution
		HideSolutionNode = FALSE
	EndGlobalSection
EndGlobal
